
Microsoft Visual Studio Solution File, Format Version 12.00
# Visual Studio Version 17
VisualStudioVersion = 17.9.34728.123
MinimumVisualStudioVersion = 10.0.40219.1
Project("{9A19103F-16F7-4668-BE54-9A1E7A4F7556}") = "EntityFrame", "EntityFrame\EntityFrame.csproj", "{69BF2E9F-B17C-4FC0-A4DF-7F79BAF24068}"
EndProject
Project("{FAE04EC0-301F-11D3-BF4B-00C04F79EFBC}") = "ConsoleApp1", "ConsoleApp1\ConsoleApp1.csproj", "{05E1FC40-BD46-448C-8048-FB5CC30DA814}"
EndProject
Global
	GlobalSection(SolutionConfigurationPlatforms) = preSolution
		Debug|Any CPU = Debug|Any CPU
		Release|Any CPU = Release|Any CPU
	EndGlobalSection
	GlobalSection(ProjectConfigurationPlatforms) = postSolution
		{69BF2E9F-B17C-4FC0-A4DF-7F79BAF24068}.Debug|Any CPU.ActiveCfg = Debug|Any CPU
		{69BF2E9F-B17C-4FC0-A4DF-7F79BAF24068}.Debug|Any CPU.Build.0 = Debug|Any CPU
		{69BF2E9F-B17C-4FC0-A4DF-7F79BAF24068}.Release|Any CPU.ActiveCfg = Release|Any CPU
		{69BF2E9F-B17C-4FC0-A4DF-7F79BAF24068}.Release|Any CPU.Build.0 = Release|Any CPU
		{05E1FC40-BD46-448C-8048-FB5CC30DA814}.Debug|Any CPU.ActiveCfg = Debug|Any CPU
		{05E1FC40-BD46-448C-8048-FB5CC30DA814}.Debug|Any CPU.Build.0 = Debug|Any CPU
		{05E1FC40-BD46-448C-8048-FB5CC30DA814}.Release|Any CPU.ActiveCfg = Release|Any CPU
		{05E1FC40-BD46-448C-8048-FB5CC30DA814}.Release|Any CPU.Build.0 = Release|Any CPU
	EndGlobalSection
	GlobalSection(SolutionProperties) = preSolution
		HideSolutionNode = FALSE
	EndGlobalSection
	GlobalSection(ExtensibilityGlobals) = postSolution
		SolutionGuid = {709D1E6A-9CBB-4512-81FB-F913D2B8CDEA}
	EndGlobalSection
EndGlobal
